
Microsoft Visual Studio Solution File, Format Version 12.00
# Visual Studio Version 17
VisualStudioVersion = 17.2.32616.157
MinimumVisualStudioVersion = 10.0.40219.1
Project("{8BC9CEB8-8B4A-11D0-8D11-00A0C91BC942}") = "Veil.Test.UserMode", "Veil.Test.UserMode.vcxproj", "{5E94FD3F-3F19-4C3E-B7DE-43CB0877224F}"
EndProject
Project("{8BC9CEB8-8B4A-11D0-8D11-00A0C91BC942}") = "Veil.Test.Kernel", "Veil.Test.Kernel.vcxproj", "{D4C32B71-563D-41B9-906D-D9BA4DF46C7C}"
EndProject
Project("{8BC9CEB8-8B4A-11D0-8D11-00A0C91BC942}") = "Veil.Test.Kernel.C", "Veil.Test.Kernel.C.vcxproj", "{EEFDA379-054B-4D7B-8E48-71522F01665E}"
EndProject
Project("{8BC9CEB8-8B4A-11D0-8D11-00A0C91BC942}") = "Veil.Test.UserMode.C", "Veil.Test.UserMode.C.vcxproj", "{4E5DF292-45B9-44B4-B475-DC0168B63056}"
EndProject
Project("{2150E333-8FDC-42A3-9474-1A3956D46DE8}") = "ReadMe", "ReadMe", "{A50E71F5-07C7-4B8E-A79B-99159599C5A8}"
	ProjectSection(SolutionItems) = preProject
		..\COPYRIGHT.md = ..\COPYRIGHT.md
		..\LICENSE = ..\LICENSE
		..\README.md = ..\README.md
		..\README.Zh-CN.md = ..\README.Zh-CN.md
	EndProjectSection
EndProject
Project("{2150E333-8FDC-42A3-9474-1A3956D46DE8}") = "Solution Items", "Solution Items", "{E7372C29-9864-4B4D-8779-D033FEA02871}"
EndProject
Global
	GlobalSection(SolutionConfigurationPlatforms) = preSolution
		Debug|ARM = Debug|ARM
		Debug|ARM64 = Debug|ARM64
		Debug|x64 = Debug|x64
		Debug|x86 = Debug|x86
		Release|ARM = Release|ARM
		Release|ARM64 = Release|ARM64
		Release|x64 = Release|x64
		Release|x86 = Release|x86
	EndGlobalSection
	GlobalSection(ProjectConfigurationPlatforms) = postSolution
		{5E94FD3F-3F19-4C3E-B7DE-43CB0877224F}.Debug|ARM.ActiveCfg = Debug|ARM
		{5E94FD3F-3F19-4C3E-B7DE-43CB0877224F}.Debug|ARM.Build.0 = Debug|ARM
		{5E94FD3F-3F19-4C3E-B7DE-43CB0877224F}.Debug|ARM64.ActiveCfg = Debug|ARM64
		{5E94FD3F-3F19-4C3E-B7DE-43CB0877224F}.Debug|ARM64.Build.0 = Debug|ARM64
		{5E94FD3F-3F19-4C3E-B7DE-43CB0877224F}.Debug|x64.ActiveCfg = Debug|x64
		{5E94FD3F-3F19-4C3E-B7DE-43CB0877224F}.Debug|x64.Build.0 = Debug|x64
		{5E94FD3F-3F19-4C3E-B7DE-43CB0877224F}.Debug|x86.ActiveCfg = Debug|Win32
		{5E94FD3F-3F19-4C3E-B7DE-43CB0877224F}.Debug|x86.Build.0 = Debug|Win32
		{5E94FD3F-3F19-4C3E-B7DE-43CB0877224F}.Release|ARM.ActiveCfg = Release|ARM
		{5E94FD3F-3F19-4C3E-B7DE-43CB0877224F}.Release|ARM.Build.0 = Release|ARM
		{5E94FD3F-3F19-4C3E-B7DE-43CB0877224F}.Release|ARM64.ActiveCfg = Release|ARM64
		{5E94FD3F-3F19-4C3E-B7DE-43CB0877224F}.Release|ARM64.Build.0 = Release|ARM64
		{5E94FD3F-3F19-4C3E-B7DE-43CB0877224F}.Release|x64.ActiveCfg = Release|x64
		{5E94FD3F-3F19-4C3E-B7DE-43CB0877224F}.Release|x64.Build.0 = Release|x64
		{5E94FD3F-3F19-4C3E-B7DE-43CB0877224F}.Release|x86.ActiveCfg = Release|Win32
		{5E94FD3F-3F19-4C3E-B7DE-43CB0877224F}.Release|x86.Build.0 = Release|Win32
		{D4C32B71-563D-41B9-906D-D9BA4DF46C7C}.Debug|ARM.ActiveCfg = Debug|ARM
		{D4C32B71-563D-41B9-906D-D9BA4DF46C7C}.Debug|ARM.Build.0 = Debug|ARM
		{D4C32B71-563D-41B9-906D-D9BA4DF46C7C}.Debug|ARM.Deploy.0 = Debug|ARM
		{D4C32B71-563D-41B9-906D-D9BA4DF46C7C}.Debug|ARM64.ActiveCfg = Debug|ARM64
		{D4C32B71-563D-41B9-906D-D9BA4DF46C7C}.Debug|ARM64.Build.0 = Debug|ARM64
		{D4C32B71-563D-41B9-906D-D9BA4DF46C7C}.Debug|ARM64.Deploy.0 = Debug|ARM64
		{D4C32B71-563D-41B9-906D-D9BA4DF46C7C}.Debug|x64.ActiveCfg = Debug|x64
		{D4C32B71-563D-41B9-906D-D9BA4DF46C7C}.Debug|x64.Build.0 = Debug|x64
		{D4C32B71-563D-41B9-906D-D9BA4DF46C7C}.Debug|x64.Deploy.0 = Debug|x64
		{D4C32B71-563D-41B9-906D-D9BA4DF46C7C}.Debug|x86.ActiveCfg = Debug|Win32
		{D4C32B71-563D-41B9-906D-D9BA4DF46C7C}.Debug|x86.Build.0 = Debug|Win32
		{D4C32B71-563D-41B9-906D-D9BA4DF46C7C}.Debug|x86.Deploy.0 = Debug|Win32
		{D4C32B71-563D-41B9-906D-D9BA4DF46C7C}.Release|ARM.ActiveCfg = Release|ARM
		{D4C32B71-563D-41B9-906D-D9BA4DF46C7C}.Release|ARM.Build.0 = Release|ARM
		{D4C32B71-563D-41B9-906D-D9BA4DF46C7C}.Release|ARM.Deploy.0 = Release|ARM
		{D4C32B71-563D-41B9-906D-D9BA4DF46C7C}.Release|ARM64.ActiveCfg = Release|ARM64
		{D4C32B71-563D-41B9-906D-D9BA4DF46C7C}.Release|ARM64.Build.0 = Release|ARM64
		{D4C32B71-563D-41B9-906D-D9BA4DF46C7C}.Release|ARM64.Deploy.0 = Release|ARM64
		{D4C32B71-563D-41B9-906D-D9BA4DF46C7C}.Release|x64.ActiveCfg = Release|x64
		{D4C32B71-563D-41B9-906D-D9BA4DF46C7C}.Release|x64.Build.0 = Release|x64
		{D4C32B71-563D-41B9-906D-D9BA4DF46C7C}.Release|x64.Deploy.0 = Release|x64
		{D4C32B71-563D-41B9-906D-D9BA4DF46C7C}.Release|x86.ActiveCfg = Release|Win32
		{D4C32B71-563D-41B9-906D-D9BA4DF46C7C}.Release|x86.Build.0 = Release|Win32
		{D4C32B71-563D-41B9-906D-D9BA4DF46C7C}.Release|x86.Deploy.0 = Release|Win32
		{EEFDA379-054B-4D7B-8E48-71522F01665E}.Debug|ARM.ActiveCfg = Debug|ARM
		{EEFDA379-054B-4D7B-8E48-71522F01665E}.Debug|ARM.Build.0 = Debug|ARM
		{EEFDA379-054B-4D7B-8E48-71522F01665E}.Debug|ARM.Deploy.0 = Debug|ARM
		{EEFDA379-054B-4D7B-8E48-71522F01665E}.Debug|ARM64.ActiveCfg = Debug|ARM64
		{EEFDA379-054B-4D7B-8E48-71522F01665E}.Debug|ARM64.Build.0 = Debug|ARM64
		{EEFDA379-054B-4D7B-8E48-71522F01665E}.Debug|ARM64.Deploy.0 = Debug|ARM64
		{EEFDA379-054B-4D7B-8E48-71522F01665E}.Debug|x64.ActiveCfg = Debug|x64
		{EEFDA379-054B-4D7B-8E48-71522F01665E}.Debug|x64.Build.0 = Debug|x64
		{EEFDA379-054B-4D7B-8E48-71522F01665E}.Debug|x64.Deploy.0 = Debug|x64
		{EEFDA379-054B-4D7B-8E48-71522F01665E}.Debug|x86.ActiveCfg = Debug|Win32
		{EEFDA379-054B-4D7B-8E48-71522F01665E}.Debug|x86.Build.0 = Debug|Win32
		{EEFDA379-054B-4D7B-8E48-71522F01665E}.Debug|x86.Deploy.0 = Debug|Win32
		{EEFDA379-054B-4D7B-8E48-71522F01665E}.Release|ARM.ActiveCfg = Release|ARM
		{EEFDA379-054B-4D7B-8E48-71522F01665E}.Release|ARM.Build.0 = Release|ARM
		{EEFDA379-054B-4D7B-8E48-71522F01665E}.Release|ARM.Deploy.0 = Release|ARM
		{EEFDA379-054B-4D7B-8E48-71522F01665E}.Release|ARM64.ActiveCfg = Release|ARM64
		{EEFDA379-054B-4D7B-8E48-71522F01665E}.Release|ARM64.Build.0 = Release|ARM64
		{EEFDA379-054B-4D7B-8E48-71522F01665E}.Release|ARM64.Deploy.0 = Release|ARM64
		{EEFDA379-054B-4D7B-8E48-71522F01665E}.Release|x64.ActiveCfg = Release|x64
		{EEFDA379-054B-4D7B-8E48-71522F01665E}.Release|x64.Build.0 = Release|x64
		{EEFDA379-054B-4D7B-8E48-71522F01665E}.Release|x64.Deploy.0 = Release|x64
		{EEFDA379-054B-4D7B-8E48-71522F01665E}.Release|x86.ActiveCfg = Release|Win32
		{EEFDA379-054B-4D7B-8E48-71522F01665E}.Release|x86.Build.0 = Release|Win32
		{EEFDA379-054B-4D7B-8E48-71522F01665E}.Release|x86.Deploy.0 = Release|Win32
		{4E5DF292-45B9-44B4-B475-DC0168B63056}.Debug|ARM.ActiveCfg = Debug|ARM
		{4E5DF292-45B9-44B4-B475-DC0168B63056}.Debug|ARM.Build.0 = Debug|ARM
		{4E5DF292-45B9-44B4-B475-DC0168B63056}.Debug|ARM64.ActiveCfg = Debug|ARM64
		{4E5DF292-45B9-44B4-B475-DC0168B63056}.Debug|ARM64.Build.0 = Debug|ARM64
		{4E5DF292-45B9-44B4-B475-DC0168B63056}.Debug|x64.ActiveCfg = Debug|x64
		{4E5DF292-45B9-44B4-B475-DC0168B63056}.Debug|x64.Build.0 = Debug|x64
		{4E5DF292-45B9-44B4-B475-DC0168B63056}.Debug|x86.ActiveCfg = Debug|Win32
		{4E5DF292-45B9-44B4-B475-DC0168B63056}.Debug|x86.Build.0 = Debug|Win32
		{4E5DF292-45B9-44B4-B475-DC0168B63056}.Release|ARM.ActiveCfg = Release|ARM
		{4E5DF292-45B9-44B4-B475-DC0168B63056}.Release|ARM.Build.0 = Release|ARM
		{4E5DF292-45B9-44B4-B475-DC0168B63056}.Release|ARM64.ActiveCfg = Release|ARM64
		{4E5DF292-45B9-44B4-B475-DC0168B63056}.Release|ARM64.Build.0 = Release|ARM64
		{4E5DF292-45B9-44B4-B475-DC0168B63056}.Release|x64.ActiveCfg = Release|x64
		{4E5DF292-45B9-44B4-B475-DC0168B63056}.Release|x64.Build.0 = Release|x64
		{4E5DF292-45B9-44B4-B475-DC0168B63056}.Release|x86.ActiveCfg = Release|Win32
		{4E5DF292-45B9-44B4-B475-DC0168B63056}.Release|x86.Build.0 = Release|Win32
	EndGlobalSection
	GlobalSection(SolutionProperties) = preSolution
		HideSolutionNode = FALSE
	EndGlobalSection
	GlobalSection(ExtensibilityGlobals) = postSolution
		SolutionGuid = {D3989A88-8A9B-4341-A68A-5B8762A91497}
	EndGlobalSection
EndGlobal
